
Microsoft Visual Studio Solution File, Format Version 12.00
# Visual Studio Version 17
VisualStudioVersion = 17.4.33213.308
MinimumVisualStudioVersion = 10.0.40219.1
Project("{9A19103F-16F7-4668-BE54-9A1E7A4F7556}") = "Flarial.Launcher", "Flarial.Launcher.csproj", "{777AB70F-71FA-4737-971D-97A52B84C618}"
EndProject
Project("{FAE04EC0-301F-11D3-BF4B-00C04F79EFBC}") = "Flarial.Installer", "..\Flarial.Installer\Flarial.Installer.csproj", "{2A2C3DB8-4BE7-45DA-AB46-4E6868A71393}"
EndProject
Project("{9A19103F-16F7-4668-BE54-9A1E7A4F7556}") = "Flarial.Minimal", "..\Flarial.Minimal\Flarial.Minimal.csproj", "{E4680837-7ADC-46B4-ABC4-DF72A22A1AFE}"
EndProject
Global
	GlobalSection(SolutionConfigurationPlatforms) = preSolution
		Debug|Any CPU = Debug|Any CPU
		Release|Any CPU = Release|Any CPU
	EndGlobalSection
	GlobalSection(ProjectConfigurationPlatforms) = postSolution
		{777AB70F-71FA-4737-971D-97A52B84C618}.Debug|Any CPU.ActiveCfg = Release|Any CPU
		{777AB70F-71FA-4737-971D-97A52B84C618}.Debug|Any CPU.Build.0 = Release|Any CPU
		{777AB70F-71FA-4737-971D-97A52B84C618}.Release|Any CPU.ActiveCfg = Release|Any CPU
		{777AB70F-71FA-4737-971D-97A52B84C618}.Release|Any CPU.Build.0 = Release|Any CPU
		{2A2C3DB8-4BE7-45DA-AB46-4E6868A71393}.Debug|Any CPU.ActiveCfg = Debug|Any CPU
		{2A2C3DB8-4BE7-45DA-AB46-4E6868A71393}.Debug|Any CPU.Build.0 = Debug|Any CPU
		{2A2C3DB8-4BE7-45DA-AB46-4E6868A71393}.Release|Any CPU.ActiveCfg = Release|Any CPU
		{2A2C3DB8-4BE7-45DA-AB46-4E6868A71393}.Release|Any CPU.Build.0 = Release|Any CPU
		{E4680837-7ADC-46B4-ABC4-DF72A22A1AFE}.Debug|Any CPU.ActiveCfg = Debug|Any CPU
		{E4680837-7ADC-46B4-ABC4-DF72A22A1AFE}.Debug|Any CPU.Build.0 = Debug|Any CPU
		{E4680837-7ADC-46B4-ABC4-DF72A22A1AFE}.Release|Any CPU.ActiveCfg = Release|Any CPU
		{E4680837-7ADC-46B4-ABC4-DF72A22A1AFE}.Release|Any CPU.Build.0 = Release|Any CPU
	EndGlobalSection
	GlobalSection(SolutionProperties) = preSolution
		HideSolutionNode = FALSE
	EndGlobalSection
	GlobalSection(ExtensibilityGlobals) = postSolution
		SolutionGuid = {CB8E3681-698A-4020-84CF-4E39C7338368}
	EndGlobalSection
EndGlobal
